// !$*UTF8*$!
{
	archiveVersion = 1;
	classes = {
	};
	objectVersion = 56;
	objects = {

/* Begin PBXBuildFile section */
		BE81D0252BBF1E6500ED94C3 /* PodcastViewModel.swift in Sources */ = {isa = PBXBuildFile; fileRef = BE81D0242BBF1E6500ED94C3 /* PodcastViewModel.swift */; };
		BE81D0282BBF1EEC00ED94C3 /* NetworkService.swift in Sources */ = {isa = PBXBuildFile; fileRef = BE81D0272BBF1EEC00ED94C3 /* NetworkService.swift */; };
		BE81D02B2BBF250300ED94C3 /* PodcastView.swift in Sources */ = {isa = PBXBuildFile; fileRef = BE81D02A2BBF250300ED94C3 /* PodcastView.swift */; };
		BE81D02D2BBF254000ED94C3 /* PreviewData.swift in Sources */ = {isa = PBXBuildFile; fileRef = BE81D02C2BBF254000ED94C3 /* PreviewData.swift */; };
		BE81D0302BBF28AC00ED94C3 /* EpisodeCellView.swift in Sources */ = {isa = PBXBuildFile; fileRef = BE81D02F2BBF28AC00ED94C3 /* EpisodeCellView.swift */; };
		BE81D0332BBF2D4C00ED94C3 /* Download.swift in Sources */ = {isa = PBXBuildFile; fileRef = BE81D0322BBF2D4C00ED94C3 /* Download.swift */; };
		BEAA63732BBE2B4700FFCA8D /* ScottcastApp.swift in Sources */ = {isa = PBXBuildFile; fileRef = BEAA63722BBE2B4700FFCA8D /* ScottcastApp.swift */; };
		BEAA63752BBE2B4700FFCA8D /* ContentView.swift in Sources */ = {isa = PBXBuildFile; fileRef = BEAA63742BBE2B4700FFCA8D /* ContentView.swift */; };
		BEAA63772BBE2B4800FFCA8D /* Assets.xcassets in Resources */ = {isa = PBXBuildFile; fileRef = BEAA63762BBE2B4800FFCA8D /* Assets.xcassets */; };
		BEAA637A2BBE2B4800FFCA8D /* Preview Assets.xcassets in Resources */ = {isa = PBXBuildFile; fileRef = BEAA63792BBE2B4800FFCA8D /* Preview Assets.xcassets */; };
		BEAA63812BBE2B9700FFCA8D /* hh_itunes.json in Resources */ = {isa = PBXBuildFile; fileRef = BEAA63802BBE2B9700FFCA8D /* hh_itunes.json */; };
		BEAA63842BBE2BBB00FFCA8D /* Podcast.swift in Sources */ = {isa = PBXBuildFile; fileRef = BEAA63832BBE2BBB00FFCA8D /* Podcast.swift */; };
		BEAA63862BBE2BC400FFCA8D /* Episode.swift in Sources */ = {isa = PBXBuildFile; fileRef = BEAA63852BBE2BC400FFCA8D /* Episode.swift */; };
		BEAA63882BBE2D8C00FFCA8D /* hh_track.json in Resources */ = {isa = PBXBuildFile; fileRef = BEAA63872BBE2D8C00FFCA8D /* hh_track.json */; };
		BEAA63902BBE2DA900FFCA8D /* ScottcastTests.swift in Sources */ = {isa = PBXBuildFile; fileRef = BEAA638F2BBE2DA900FFCA8D /* ScottcastTests.swift */; };
		BECE30F62BC7458200764EC4 /* EpisodePlayerView.swift in Sources */ = {isa = PBXBuildFile; fileRef = BECE30F52BC7458200764EC4 /* EpisodePlayerView.swift */; };
/* End PBXBuildFile section */

/* Begin PBXContainerItemProxy section */
		BEAA63912BBE2DA900FFCA8D /* PBXContainerItemProxy */ = {
			isa = PBXContainerItemProxy;
			containerPortal = BEAA63672BBE2B4700FFCA8D /* Project object */;
			proxyType = 1;
			remoteGlobalIDString = BEAA636E2BBE2B4700FFCA8D;
			remoteInfo = Scottcast;
		};
/* End PBXContainerItemProxy section */

/* Begin PBXFileReference section */
		BE81D0242BBF1E6500ED94C3 /* PodcastViewModel.swift */ = {isa = PBXFileReference; lastKnownFileType = sourcecode.swift; path = PodcastViewModel.swift; sourceTree = "<group>"; };
		BE81D0272BBF1EEC00ED94C3 /* NetworkService.swift */ = {isa = PBXFileReference; lastKnownFileType = sourcecode.swift; path = NetworkService.swift; sourceTree = "<group>"; };
		BE81D02A2BBF250300ED94C3 /* PodcastView.swift */ = {isa = PBXFileReference; lastKnownFileType = sourcecode.swift; path = PodcastView.swift; sourceTree = "<group>"; };
		BE81D02C2BBF254000ED94C3 /* PreviewData.swift */ = {isa = PBXFileReference; lastKnownFileType = sourcecode.swift; path = PreviewData.swift; sourceTree = "<group>"; };
		BE81D02F2BBF28AC00ED94C3 /* EpisodeCellView.swift */ = {isa = PBXFileReference; lastKnownFileType = sourcecode.swift; path = EpisodeCellView.swift; sourceTree = "<group>"; };
		BE81D0322BBF2D4C00ED94C3 /* Download.swift */ = {isa = PBXFileReference; lastKnownFileType = sourcecode.swift; path = Download.swift; sourceTree = "<group>"; };
		BEAA636F2BBE2B4700FFCA8D /* Scottcast.app */ = {isa = PBXFileReference; explicitFileType = wrapper.application; includeInIndex = 0; path = Scottcast.app; sourceTree = BUILT_PRODUCTS_DIR; };
		BEAA63722BBE2B4700FFCA8D /* ScottcastApp.swift */ = {isa = PBXFileReference; lastKnownFileType = sourcecode.swift; path = ScottcastApp.swift; sourceTree = "<group>"; };
		BEAA63742BBE2B4700FFCA8D /* ContentView.swift */ = {isa = PBXFileReference; lastKnownFileType = sourcecode.swift; path = ContentView.swift; sourceTree = "<group>"; };
		BEAA63762BBE2B4800FFCA8D /* Assets.xcassets */ = {isa = PBXFileReference; lastKnownFileType = folder.assetcatalog; path = Assets.xcassets; sourceTree = "<group>"; };
		BEAA63792BBE2B4800FFCA8D /* Preview Assets.xcassets */ = {isa = PBXFileReference; lastKnownFileType = folder.assetcatalog; path = "Preview Assets.xcassets"; sourceTree = "<group>"; };
		BEAA63802BBE2B9700FFCA8D /* hh_itunes.json */ = {isa = PBXFileReference; fileEncoding = 4; lastKnownFileType = text.json; path = hh_itunes.json; sourceTree = "<group>"; };
		BEAA63832BBE2BBB00FFCA8D /* Podcast.swift */ = {isa = PBXFileReference; lastKnownFileType = sourcecode.swift; path = Podcast.swift; sourceTree = "<group>"; };
		BEAA63852BBE2BC400FFCA8D /* Episode.swift */ = {isa = PBXFileReference; lastKnownFileType = sourcecode.swift; path = Episode.swift; sourceTree = "<group>"; };
		BEAA63872BBE2D8C00FFCA8D /* hh_track.json */ = {isa = PBXFileReference; lastKnownFileType = text.json; path = hh_track.json; sourceTree = "<group>"; };
		BEAA638D2BBE2DA900FFCA8D /* ScottcastTests.xctest */ = {isa = PBXFileReference; explicitFileType = wrapper.cfbundle; includeInIndex = 0; path = ScottcastTests.xctest; sourceTree = BUILT_PRODUCTS_DIR; };
		BEAA638F2BBE2DA900FFCA8D /* ScottcastTests.swift */ = {isa = PBXFileReference; lastKnownFileType = sourcecode.swift; path = ScottcastTests.swift; sourceTree = "<group>"; };
		BECE30F52BC7458200764EC4 /* EpisodePlayerView.swift */ = {isa = PBXFileReference; lastKnownFileType = sourcecode.swift; path = EpisodePlayerView.swift; sourceTree = "<group>"; };
/* End PBXFileReference section */

/* Begin PBXFrameworksBuildPhase section */
		BEAA636C2BBE2B4700FFCA8D /* Frameworks */ = {
			isa = PBXFrameworksBuildPhase;
			buildActionMask = 2147483647;
			files = (
			);
			runOnlyForDeploymentPostprocessing = 0;
		};
		BEAA638A2BBE2DA900FFCA8D /* Frameworks */ = {
			isa = PBXFrameworksBuildPhase;
			buildActionMask = 2147483647;
			files = (
			);
			runOnlyForDeploymentPostprocessing = 0;
		};
/* End PBXFrameworksBuildPhase section */

/* Begin PBXGroup section */
		BE81D0202BBF1DC900ED94C3 /* Views */ = {
			isa = PBXGroup;
			children = (
				BE81D02E2BBF289800ED94C3 /* Episode */,
				BE81D0292BBF24F500ED94C3 /* Podcast */,
				BE81D0222BBF1DDB00ED94C3 /* Root */,
			);
			path = Views;
			sourceTree = "<group>";
		};
		BE81D0212BBF1DD300ED94C3 /* App */ = {
			isa = PBXGroup;
			children = (
				BEAA63722BBE2B4700FFCA8D /* ScottcastApp.swift */,
			);
			path = App;
			sourceTree = "<group>";
		};
		BE81D0222BBF1DDB00ED94C3 /* Root */ = {
			isa = PBXGroup;
			children = (
				BEAA63742BBE2B4700FFCA8D /* ContentView.swift */,
			);
			path = Root;
			sourceTree = "<group>";
		};
		BE81D0232BBF1E4300ED94C3 /* View Models */ = {
			isa = PBXGroup;
			children = (
				BE81D0242BBF1E6500ED94C3 /* PodcastViewModel.swift */,
			);
			path = "View Models";
			sourceTree = "<group>";
		};
		BE81D0262BBF1ED600ED94C3 /* Services */ = {
			isa = PBXGroup;
			children = (
				BE81D0272BBF1EEC00ED94C3 /* NetworkService.swift */,
			);
			path = Services;
			sourceTree = "<group>";
		};
		BE81D0292BBF24F500ED94C3 /* Podcast */ = {
			isa = PBXGroup;
			children = (
				BE81D02A2BBF250300ED94C3 /* PodcastView.swift */,
				BECE30F52BC7458200764EC4 /* EpisodePlayerView.swift */,
			);
			path = Podcast;
			sourceTree = "<group>";
		};
		BE81D02E2BBF289800ED94C3 /* Episode */ = {
			isa = PBXGroup;
			children = (
				BE81D02F2BBF28AC00ED94C3 /* EpisodeCellView.swift */,
			);
			path = Episode;
			sourceTree = "<group>";
		};
		BE81D0312BBF2D3B00ED94C3 /* Utils */ = {
			isa = PBXGroup;
			children = (
				BE81D0322BBF2D4C00ED94C3 /* Download.swift */,
			);
			path = Utils;
			sourceTree = "<group>";
		};
		BEAA63662BBE2B4700FFCA8D = {
			isa = PBXGroup;
			children = (
				BEAA63712BBE2B4700FFCA8D /* Scottcast */,
				BEAA638E2BBE2DA900FFCA8D /* ScottcastTests */,
				BEAA63702BBE2B4700FFCA8D /* Products */,
			);
			sourceTree = "<group>";
		};
		BEAA63702BBE2B4700FFCA8D /* Products */ = {
			isa = PBXGroup;
			children = (
				BEAA636F2BBE2B4700FFCA8D /* Scottcast.app */,
				BEAA638D2BBE2DA900FFCA8D /* ScottcastTests.xctest */,
			);
			name = Products;
			sourceTree = "<group>";
		};
		BEAA63712BBE2B4700FFCA8D /* Scottcast */ = {
			isa = PBXGroup;
			children = (
				BE81D0212BBF1DD300ED94C3 /* App */,
				BEAA63822BBE2BAB00FFCA8D /* Models */,
				BE81D0262BBF1ED600ED94C3 /* Services */,
				BE81D0202BBF1DC900ED94C3 /* Views */,
				BE81D0232BBF1E4300ED94C3 /* View Models */,
				BE81D0312BBF2D3B00ED94C3 /* Utils */,
				BEAA63762BBE2B4800FFCA8D /* Assets.xcassets */,
				BEAA63782BBE2B4800FFCA8D /* Preview Content */,
			);
			path = Scottcast;
			sourceTree = "<group>";
		};
		BEAA63782BBE2B4800FFCA8D /* Preview Content */ = {
			isa = PBXGroup;
			children = (
				BEAA63802BBE2B9700FFCA8D /* hh_itunes.json */,
				BEAA63872BBE2D8C00FFCA8D /* hh_track.json */,
				BEAA63792BBE2B4800FFCA8D /* Preview Assets.xcassets */,
				BE81D02C2BBF254000ED94C3 /* PreviewData.swift */,
			);
			path = "Preview Content";
			sourceTree = "<group>";
		};
		BEAA63822BBE2BAB00FFCA8D /* Models */ = {
			isa = PBXGroup;
			children = (
				BEAA63832BBE2BBB00FFCA8D /* Podcast.swift */,
				BEAA63852BBE2BC400FFCA8D /* Episode.swift */,
			);
			path = Models;
			sourceTree = "<group>";
		};
		BEAA638E2BBE2DA900FFCA8D /* ScottcastTests */ = {
			isa = PBXGroup;
			children = (
				BEAA638F2BBE2DA900FFCA8D /* ScottcastTests.swift */,
			);
			path = ScottcastTests;
			sourceTree = "<group>";
		};
/* End PBXGroup section */

/* Begin PBXNativeTarget section */
		BEAA636E2BBE2B4700FFCA8D /* Scottcast */ = {
			isa = PBXNativeTarget;
			buildConfigurationList = BEAA637D2BBE2B4800FFCA8D /* Build configuration list for PBXNativeTarget "Scottcast" */;
			buildPhases = (
				BEAA636B2BBE2B4700FFCA8D /* Sources */,
				BEAA636C2BBE2B4700FFCA8D /* Frameworks */,
				BEAA636D2BBE2B4700FFCA8D /* Resources */,
			);
			buildRules = (
			);
			dependencies = (
			);
			name = Scottcast;
			productName = Scottcast;
			productReference = BEAA636F2BBE2B4700FFCA8D /* Scottcast.app */;
			productType = "com.apple.product-type.application";
		};
		BEAA638C2BBE2DA900FFCA8D /* ScottcastTests */ = {
			isa = PBXNativeTarget;
			buildConfigurationList = BEAA63932BBE2DA900FFCA8D /* Build configuration list for PBXNativeTarget "ScottcastTests" */;
			buildPhases = (
				BEAA63892BBE2DA900FFCA8D /* Sources */,
				BEAA638A2BBE2DA900FFCA8D /* Frameworks */,
				BEAA638B2BBE2DA900FFCA8D /* Resources */,
			);
			buildRules = (
			);
			dependencies = (
				BEAA63922BBE2DA900FFCA8D /* PBXTargetDependency */,
			);
			name = ScottcastTests;
			productName = ScottcastTests;
			productReference = BEAA638D2BBE2DA900FFCA8D /* ScottcastTests.xctest */;
			productType = "com.apple.product-type.bundle.unit-test";
		};
/* End PBXNativeTarget section */

/* Begin PBXProject section */
		BEAA63672BBE2B4700FFCA8D /* Project object */ = {
			isa = PBXProject;
			attributes = {
				BuildIndependentTargetsInParallel = 1;
				LastSwiftUpdateCheck = 1500;
				LastUpgradeCheck = 1500;
				TargetAttributes = {
					BEAA636E2BBE2B4700FFCA8D = {
						CreatedOnToolsVersion = 15.0.1;
					};
					BEAA638C2BBE2DA900FFCA8D = {
						CreatedOnToolsVersion = 15.0.1;
						TestTargetID = BEAA636E2BBE2B4700FFCA8D;
					};
				};
			};
			buildConfigurationList = BEAA636A2BBE2B4700FFCA8D /* Build configuration list for PBXProject "Scottcast" */;
			compatibilityVersion = "Xcode 14.0";
			developmentRegion = en;
			hasScannedForEncodings = 0;
			knownRegions = (
				en,
				Base,
			);
			mainGroup = BEAA63662BBE2B4700FFCA8D;
			productRefGroup = BEAA63702BBE2B4700FFCA8D /* Products */;
			projectDirPath = "";
			projectRoot = "";
			targets = (
				BEAA636E2BBE2B4700FFCA8D /* Scottcast */,
				BEAA638C2BBE2DA900FFCA8D /* ScottcastTests */,
			);
		};
/* End PBXProject section */

/* Begin PBXResourcesBuildPhase section */
		BEAA636D2BBE2B4700FFCA8D /* Resources */ = {
			isa = PBXResourcesBuildPhase;
			buildActionMask = 2147483647;
			files = (
				BEAA637A2BBE2B4800FFCA8D /* Preview Assets.xcassets in Resources */,
				BEAA63882BBE2D8C00FFCA8D /* hh_track.json in Resources */,
				BEAA63772BBE2B4800FFCA8D /* Assets.xcassets in Resources */,
				BEAA63812BBE2B9700FFCA8D /* hh_itunes.json in Resources */,
			);
			runOnlyForDeploymentPostprocessing = 0;
		};
		BEAA638B2BBE2DA900FFCA8D /* Resources */ = {
			isa = PBXResourcesBuildPhase;
			buildActionMask = 2147483647;
			files = (
			);
			runOnlyForDeploymentPostprocessing = 0;
		};
/* End PBXResourcesBuildPhase section */

/* Begin PBXSourcesBuildPhase section */
		BEAA636B2BBE2B4700FFCA8D /* Sources */ = {
			isa = PBXSourcesBuildPhase;
			buildActionMask = 2147483647;
			files = (
				BE81D02D2BBF254000ED94C3 /* PreviewData.swift in Sources */,
				BE81D0252BBF1E6500ED94C3 /* PodcastViewModel.swift in Sources */,
				BEAA63752BBE2B4700FFCA8D /* ContentView.swift in Sources */,
				BE81D0332BBF2D4C00ED94C3 /* Download.swift in Sources */,
				BEAA63862BBE2BC400FFCA8D /* Episode.swift in Sources */,
				BEAA63732BBE2B4700FFCA8D /* ScottcastApp.swift in Sources */,
				BE81D0282BBF1EEC00ED94C3 /* NetworkService.swift in Sources */,
				BE81D02B2BBF250300ED94C3 /* PodcastView.swift in Sources */,
				BE81D0302BBF28AC00ED94C3 /* EpisodeCellView.swift in Sources */,
				BEAA63842BBE2BBB00FFCA8D /* Podcast.swift in Sources */,
				BECE30F62BC7458200764EC4 /* EpisodePlayerView.swift in Sources */,
			);
			runOnlyForDeploymentPostprocessing = 0;
		};
		BEAA63892BBE2DA900FFCA8D /* Sources */ = {
			isa = PBXSourcesBuildPhase;
			buildActionMask = 2147483647;
			files = (
				BEAA63902BBE2DA900FFCA8D /* ScottcastTests.swift in Sources */,
			);
			runOnlyForDeploymentPostprocessing = 0;
		};
/* End PBXSourcesBuildPhase section */

/* Begin PBXTargetDependency section */
		BEAA63922BBE2DA900FFCA8D /* PBXTargetDependency */ = {
			isa = PBXTargetDependency;
			target = BEAA636E2BBE2B4700FFCA8D /* Scottcast */;
			targetProxy = BEAA63912BBE2DA900FFCA8D /* PBXContainerItemProxy */;
		};
/* End PBXTargetDependency section */

/* Begin XCBuildConfiguration section */
		BEAA637B2BBE2B4800FFCA8D /* Debug */ = {
			isa = XCBuildConfiguration;
			buildSettings = {
				ALWAYS_SEARCH_USER_PATHS = NO;
				ASSETCATALOG_COMPILER_GENERATE_SWIFT_ASSET_SYMBOL_EXTENSIONS = YES;
				CLANG_ANALYZER_NONNULL = YES;
				CLANG_ANALYZER_NUMBER_OBJECT_CONVERSION = YES_AGGRESSIVE;
				CLANG_CXX_LANGUAGE_STANDARD = "gnu++20";
				CLANG_ENABLE_MODULES = YES;
				CLANG_ENABLE_OBJC_ARC = YES;
				CLANG_ENABLE_OBJC_WEAK = YES;
				CLANG_WARN_BLOCK_CAPTURE_AUTORELEASING = YES;
				CLANG_WARN_BOOL_CONVERSION = YES;
				CLANG_WARN_COMMA = YES;
				CLANG_WARN_CONSTANT_CONVERSION = YES;
				CLANG_WARN_DEPRECATED_OBJC_IMPLEMENTATIONS = YES;
				CLANG_WARN_DIRECT_OBJC_ISA_USAGE = YES_ERROR;
				CLANG_WARN_DOCUMENTATION_COMMENTS = YES;
				CLANG_WARN_EMPTY_BODY = YES;
				CLANG_WARN_ENUM_CONVERSION = YES;
				CLANG_WARN_INFINITE_RECURSION = YES;
				CLANG_WARN_INT_CONVERSION = YES;
				CLANG_WARN_NON_LITERAL_NULL_CONVERSION = YES;
				CLANG_WARN_OBJC_IMPLICIT_RETAIN_SELF = YES;
				CLANG_WARN_OBJC_LITERAL_CONVERSION = YES;
				CLANG_WARN_OBJC_ROOT_CLASS = YES_ERROR;
				CLANG_WARN_QUOTED_INCLUDE_IN_FRAMEWORK_HEADER = YES;
				CLANG_WARN_RANGE_LOOP_ANALYSIS = YES;
				CLANG_WARN_STRICT_PROTOTYPES = YES;
				CLANG_WARN_SUSPICIOUS_MOVE = YES;
				CLANG_WARN_UNGUARDED_AVAILABILITY = YES_AGGRESSIVE;
				CLANG_WARN_UNREACHABLE_CODE = YES;
				CLANG_WARN__DUPLICATE_METHOD_MATCH = YES;
				COPY_PHASE_STRIP = NO;
				DEBUG_INFORMATION_FORMAT = dwarf;
				ENABLE_STRICT_OBJC_MSGSEND = YES;
				ENABLE_TESTABILITY = YES;
				ENABLE_USER_SCRIPT_SANDBOXING = YES;
				GCC_C_LANGUAGE_STANDARD = gnu17;
				GCC_DYNAMIC_NO_PIC = NO;
				GCC_NO_COMMON_BLOCKS = YES;
				GCC_OPTIMIZATION_LEVEL = 0;
				GCC_PREPROCESSOR_DEFINITIONS = (
					"DEBUG=1",
					"$(inherited)",
				);
				GCC_WARN_64_TO_32_BIT_CONVERSION = YES;
				GCC_WARN_ABOUT_RETURN_TYPE = YES_ERROR;
				GCC_WARN_UNDECLARED_SELECTOR = YES;
				GCC_WARN_UNINITIALIZED_AUTOS = YES_AGGRESSIVE;
				GCC_WARN_UNUSED_FUNCTION = YES;
				GCC_WARN_UNUSED_VARIABLE = YES;
				IPHONEOS_DEPLOYMENT_TARGET = 17.0;
				LOCALIZATION_PREFERS_STRING_CATALOGS = YES;
				MTL_ENABLE_DEBUG_INFO = INCLUDE_SOURCE;
				MTL_FAST_MATH = YES;
				ONLY_ACTIVE_ARCH = YES;
				SDKROOT = iphoneos;
				SWIFT_ACTIVE_COMPILATION_CONDITIONS = "DEBUG $(inherited)";
				SWIFT_OPTIMIZATION_LEVEL = "-Onone";
			};
			name = Debug;
		};
		BEAA637C2BBE2B4800FFCA8D /* Release */ = {
			isa = XCBuildConfiguration;
			buildSettings = {
				ALWAYS_SEARCH_USER_PATHS = NO;
				ASSETCATALOG_COMPILER_GENERATE_SWIFT_ASSET_SYMBOL_EXTENSIONS = YES;
				CLANG_ANALYZER_NONNULL = YES;
				CLANG_ANALYZER_NUMBER_OBJECT_CONVERSION = YES_AGGRESSIVE;
				CLANG_CXX_LANGUAGE_STANDARD = "gnu++20";
				CLANG_ENABLE_MODULES = YES;
				CLANG_ENABLE_OBJC_ARC = YES;
				CLANG_ENABLE_OBJC_WEAK = YES;
				CLANG_WARN_BLOCK_CAPTURE_AUTORELEASING = YES;
				CLANG_WARN_BOOL_CONVERSION = YES;
				CLANG_WARN_COMMA = YES;
				CLANG_WARN_CONSTANT_CONVERSION = YES;
				CLANG_WARN_DEPRECATED_OBJC_IMPLEMENTATIONS = YES;
				CLANG_WARN_DIRECT_OBJC_ISA_USAGE = YES_ERROR;
				CLANG_WARN_DOCUMENTATION_COMMENTS = YES;
				CLANG_WARN_EMPTY_BODY = YES;
				CLANG_WARN_ENUM_CONVERSION = YES;
				CLANG_WARN_INFINITE_RECURSION = YES;
				CLANG_WARN_INT_CONVERSION = YES;
				CLANG_WARN_NON_LITERAL_NULL_CONVERSION = YES;
				CLANG_WARN_OBJC_IMPLICIT_RETAIN_SELF = YES;
				CLANG_WARN_OBJC_LITERAL_CONVERSION = YES;
				CLANG_WARN_OBJC_ROOT_CLASS = YES_ERROR;
				CLANG_WARN_QUOTED_INCLUDE_IN_FRAMEWORK_HEADER = YES;
				CLANG_WARN_RANGE_LOOP_ANALYSIS = YES;
				CLANG_WARN_STRICT_PROTOTYPES = YES;
				CLANG_WARN_SUSPICIOUS_MOVE = YES;
				CLANG_WARN_UNGUARDED_AVAILABILITY = YES_AGGRESSIVE;
				CLANG_WARN_UNREACHABLE_CODE = YES;
				CLANG_WARN__DUPLICATE_METHOD_MATCH = YES;
				COPY_PHASE_STRIP = NO;
				DEBUG_INFORMATION_FORMAT = "dwarf-with-dsym";
				ENABLE_NS_ASSERTIONS = NO;
				ENABLE_STRICT_OBJC_MSGSEND = YES;
				ENABLE_USER_SCRIPT_SANDBOXING = YES;
				GCC_C_LANGUAGE_STANDARD = gnu17;
				GCC_NO_COMMON_BLOCKS = YES;
				GCC_WARN_64_TO_32_BIT_CONVERSION = YES;
				GCC_WARN_ABOUT_RETURN_TYPE = YES_ERROR;
				GCC_WARN_UNDECLARED_SELECTOR = YES;
				GCC_WARN_UNINITIALIZED_AUTOS = YES_AGGRESSIVE;
				GCC_WARN_UNUSED_FUNCTION = YES;
				GCC_WARN_UNUSED_VARIABLE = YES;
				IPHONEOS_DEPLOYMENT_TARGET = 17.0;
				LOCALIZATION_PREFERS_STRING_CATALOGS = YES;
				MTL_ENABLE_DEBUG_INFO = NO;
				MTL_FAST_MATH = YES;
				SDKROOT = iphoneos;
				SWIFT_COMPILATION_MODE = wholemodule;
				VALIDATE_PRODUCT = YES;
			};
			name = Release;
		};
		BEAA637E2BBE2B4800FFCA8D /* Debug */ = {
			isa = XCBuildConfiguration;
			buildSettings = {
				ASSETCATALOG_COMPILER_APPICON_NAME = AppIcon;
				ASSETCATALOG_COMPILER_GLOBAL_ACCENT_COLOR_NAME = AccentColor;
				CODE_SIGN_STYLE = Automatic;
				CURRENT_PROJECT_VERSION = 1;
				DEVELOPMENT_ASSET_PATHS = "\"Scottcast/Preview Content\"";
				DEVELOPMENT_TEAM = FE43AHL2D2;
				ENABLE_PREVIEWS = YES;
				GENERATE_INFOPLIST_FILE = YES;
				INFOPLIST_KEY_UIApplicationSceneManifest_Generation = YES;
				INFOPLIST_KEY_UIApplicationSupportsIndirectInputEvents = YES;
				INFOPLIST_KEY_UILaunchScreen_Generation = YES;
				INFOPLIST_KEY_UISupportedInterfaceOrientations_iPad = "UIInterfaceOrientationPortrait UIInterfaceOrientationPortraitUpsideDown UIInterfaceOrientationLandscapeLeft UIInterfaceOrientationLandscapeRight";
				INFOPLIST_KEY_UISupportedInterfaceOrientations_iPhone = "UIInterfaceOrientationPortrait UIInterfaceOrientationLandscapeLeft UIInterfaceOrientationLandscapeRight";
				LD_RUNPATH_SEARCH_PATHS = (
					"$(inherited)",
					"@executable_path/Frameworks",
				);
				MARKETING_VERSION = 1.0;
				PRODUCT_BUNDLE_IDENTIFIER = com.scottdaniel.Scottcast;
				PRODUCT_NAME = "$(TARGET_NAME)";
				SWIFT_EMIT_LOC_STRINGS = YES;
				SWIFT_VERSION = 5.0;
				TARGETED_DEVICE_FAMILY = "1,2";
			};
			name = Debug;
		};
		BEAA637F2BBE2B4800FFCA8D /* Release */ = {
			isa = XCBuildConfiguration;
			buildSettings = {
				ASSETCATALOG_COMPILER_APPICON_NAME = AppIcon;
				ASSETCATALOG_COMPILER_GLOBAL_ACCENT_COLOR_NAME = AccentColor;
				CODE_SIGN_STYLE = Automatic;
				CURRENT_PROJECT_VERSION = 1;
				DEVELOPMENT_ASSET_PATHS = "\"Scottcast/Preview Content\"";
				DEVELOPMENT_TEAM = FE43AHL2D2;
				ENABLE_PREVIEWS = YES;
				GENERATE_INFOPLIST_FILE = YES;
				INFOPLIST_KEY_UIApplicationSceneManifest_Generation = YES;
				INFOPLIST_KEY_UIApplicationSupportsIndirectInputEvents = YES;
				INFOPLIST_KEY_UILaunchScreen_Generation = YES;
				INFOPLIST_KEY_UISupportedInterfaceOrientations_iPad = "UIInterfaceOrientationPortrait UIInterfaceOrientationPortraitUpsideDown UIInterfaceOrientationLandscapeLeft UIInterfaceOrientationLandscapeRight";
				INFOPLIST_KEY_UISupportedInterfaceOrientations_iPhone = "UIInterfaceOrientationPortrait UIInterfaceOrientationLandscapeLeft UIInterfaceOrientationLandscapeRight";
				LD_RUNPATH_SEARCH_PATHS = (
					"$(inherited)",
					"@executable_path/Frameworks",
				);
				MARKETING_VERSION = 1.0;
				PRODUCT_BUNDLE_IDENTIFIER = com.scottdaniel.Scottcast;
				PRODUCT_NAME = "$(TARGET_NAME)";
				SWIFT_EMIT_LOC_STRINGS = YES;
				SWIFT_VERSION = 5.0;
				TARGETED_DEVICE_FAMILY = "1,2";
			};
			name = Release;
		};
		BEAA63942BBE2DA900FFCA8D /* Debug */ = {
			isa = XCBuildConfiguration;
			buildSettings = {
				BUNDLE_LOADER = "$(TEST_HOST)";
				CODE_SIGN_STYLE = Automatic;
				CURRENT_PROJECT_VERSION = 1;
				DEVELOPMENT_TEAM = FE43AHL2D2;
				GENERATE_INFOPLIST_FILE = YES;
				IPHONEOS_DEPLOYMENT_TARGET = 17.0;
				MACOSX_DEPLOYMENT_TARGET = 14.0;
				MARKETING_VERSION = 1.0;
				PRODUCT_BUNDLE_IDENTIFIER = com.scottdaniel.ScottcastTests;
				PRODUCT_NAME = "$(TARGET_NAME)";
				SDKROOT = auto;
				SUPPORTED_PLATFORMS = "iphoneos iphonesimulator macosx";
				SWIFT_EMIT_LOC_STRINGS = NO;
				SWIFT_VERSION = 5.0;
				TARGETED_DEVICE_FAMILY = "1,2";
				TEST_HOST = "$(BUILT_PRODUCTS_DIR)/Scottcast.app/$(BUNDLE_EXECUTABLE_FOLDER_PATH)/Scottcast";
			};
			name = Debug;
		};
		BEAA63952BBE2DA900FFCA8D /* Release */ = {
			isa = XCBuildConfiguration;
			buildSettings = {
				BUNDLE_LOADER = "$(TEST_HOST)";
				CODE_SIGN_STYLE = Automatic;
				CURRENT_PROJECT_VERSION = 1;
				DEVELOPMENT_TEAM = FE43AHL2D2;
				GENERATE_INFOPLIST_FILE = YES;
				IPHONEOS_DEPLOYMENT_TARGET = 17.0;
				MACOSX_DEPLOYMENT_TARGET = 14.0;
				MARKETING_VERSION = 1.0;
				PRODUCT_BUNDLE_IDENTIFIER = com.scottdaniel.ScottcastTests;
				PRODUCT_NAME = "$(TARGET_NAME)";
				SDKROOT = auto;
				SUPPORTED_PLATFORMS = "iphoneos iphonesimulator macosx";
				SWIFT_EMIT_LOC_STRINGS = NO;
				SWIFT_VERSION = 5.0;
				TARGETED_DEVICE_FAMILY = "1,2";
				TEST_HOST = "$(BUILT_PRODUCTS_DIR)/Scottcast.app/$(BUNDLE_EXECUTABLE_FOLDER_PATH)/Scottcast";
			};
			name = Release;
		};
/* End XCBuildConfiguration section */

/* Begin XCConfigurationList section */
		BEAA636A2BBE2B4700FFCA8D /* Build configuration list for PBXProject "Scottcast" */ = {
			isa = XCConfigurationList;
			buildConfigurations = (
				BEAA637B2BBE2B4800FFCA8D /* Debug */,
				BEAA637C2BBE2B4800FFCA8D /* Release */,
			);
			defaultConfigurationIsVisible = 0;
			defaultConfigurationName = Release;
		};
		BEAA637D2BBE2B4800FFCA8D /* Build configuration list for PBXNativeTarget "Scottcast" */ = {
			isa = XCConfigurationList;
			buildConfigurations = (
				BEAA637E2BBE2B4800FFCA8D /* Debug */,
				BEAA637F2BBE2B4800FFCA8D /* Release */,
			);
			defaultConfigurationIsVisible = 0;
			defaultConfigurationName = Release;
		};
		BEAA63932BBE2DA900FFCA8D /* Build configuration list for PBXNativeTarget "ScottcastTests" */ = {
			isa = XCConfigurationList;
			buildConfigurations = (
				BEAA63942BBE2DA900FFCA8D /* Debug */,
				BEAA63952BBE2DA900FFCA8D /* Release */,
			);
			defaultConfigurationIsVisible = 0;
			defaultConfigurationName = Release;
		};
/* End XCConfigurationList section */
	};
	rootObject = BEAA63672BBE2B4700FFCA8D /* Project object */;
}
